// !$*UTF8*$!
{
	archiveVersion = 1;
	classes = {
	};
	objectVersion = 46;
	objects = {

/* Begin PBXBuildFile section */
		D69612F41B282EF20083022B /* AppDelegate.swift in Sources */ = {isa = PBXBuildFile; fileRef = D69612F31B282EF20083022B /* AppDelegate.swift */; };
		D69612F71B282EF20083022B /* ubiss_ios.xcdatamodeld in Sources */ = {isa = PBXBuildFile; fileRef = D69612F51B282EF20083022B /* ubiss_ios.xcdatamodeld */; };
		D69612F91B282EF20083022B /* ViewController.swift in Sources */ = {isa = PBXBuildFile; fileRef = D69612F81B282EF20083022B /* ViewController.swift */; };
		D69612FC1B282EF20083022B /* Main.storyboard in Resources */ = {isa = PBXBuildFile; fileRef = D69612FA1B282EF20083022B /* Main.storyboard */; };
		D69612FE1B282EF20083022B /* Images.xcassets in Resources */ = {isa = PBXBuildFile; fileRef = D69612FD1B282EF20083022B /* Images.xcassets */; };
		D69613011B282EF20083022B /* LaunchScreen.xib in Resources */ = {isa = PBXBuildFile; fileRef = D69612FF1B282EF20083022B /* LaunchScreen.xib */; };
		D696130D1B282EF20083022B /* ubiss_iosTests.swift in Sources */ = {isa = PBXBuildFile; fileRef = D696130C1B282EF20083022B /* ubiss_iosTests.swift */; };
/* End PBXBuildFile section */

/* Begin PBXContainerItemProxy section */
		D69613071B282EF20083022B /* PBXContainerItemProxy */ = {
			isa = PBXContainerItemProxy;
			containerPortal = D69612E61B282EF20083022B /* Project object */;
			proxyType = 1;
			remoteGlobalIDString = D69612ED1B282EF20083022B;
			remoteInfo = "ubiss-ios";
		};
/* End PBXContainerItemProxy section */

/* Begin PBXFileReference section */
		D69612EE1B282EF20083022B /* ubiss-ios.app */ = {isa = PBXFileReference; explicitFileType = wrapper.application; includeInIndex = 0; path = "ubiss-ios.app"; sourceTree = BUILT_PRODUCTS_DIR; };
		D69612F21B282EF20083022B /* Info.plist */ = {isa = PBXFileReference; lastKnownFileType = text.plist.xml; path = Info.plist; sourceTree = "<group>"; };
		D69612F31B282EF20083022B /* AppDelegate.swift */ = {isa = PBXFileReference; lastKnownFileType = sourcecode.swift; path = AppDelegate.swift; sourceTree = "<group>"; };
		D69612F61B282EF20083022B /* ubiss_ios.xcdatamodel */ = {isa = PBXFileReference; lastKnownFileType = wrapper.xcdatamodel; path = ubiss_ios.xcdatamodel; sourceTree = "<group>"; };
		D69612F81B282EF20083022B /* ViewController.swift */ = {isa = PBXFileReference; lastKnownFileType = sourcecode.swift; path = ViewController.swift; sourceTree = "<group>"; };
		D69612FB1B282EF20083022B /* Base */ = {isa = PBXFileReference; lastKnownFileType = file.storyboard; name = Base; path = Base.lproj/Main.storyboard; sourceTree = "<group>"; };
		D69612FD1B282EF20083022B /* Images.xcassets */ = {isa = PBXFileReference; lastKnownFileType = folder.assetcatalog; path = Images.xcassets; sourceTree = "<group>"; };
		D69613001B282EF20083022B /* Base */ = {isa = PBXFileReference; lastKnownFileType = file.xib; name = Base; path = Base.lproj/LaunchScreen.xib; sourceTree = "<group>"; };
		D69613061B282EF20083022B /* ubiss-iosTests.xctest */ = {isa = PBXFileReference; explicitFileType = wrapper.cfbundle; includeInIndex = 0; path = "ubiss-iosTests.xctest"; sourceTree = BUILT_PRODUCTS_DIR; };
		D696130B1B282EF20083022B /* Info.plist */ = {isa = PBXFileReference; lastKnownFileType = text.plist.xml; path = Info.plist; sourceTree = "<group>"; };
		D696130C1B282EF20083022B /* ubiss_iosTests.swift */ = {isa = PBXFileReference; lastKnownFileType = sourcecode.swift; path = ubiss_iosTests.swift; sourceTree = "<group>"; };
/* End PBXFileReference section */

/* Begin PBXFrameworksBuildPhase section */
		D69612EB1B282EF20083022B /* Frameworks */ = {
			isa = PBXFrameworksBuildPhase;
			buildActionMask = 2147483647;
			files = (
			);
			runOnlyForDeploymentPostprocessing = 0;
		};
		D69613031B282EF20083022B /* Frameworks */ = {
			isa = PBXFrameworksBuildPhase;
			buildActionMask = 2147483647;
			files = (
			);
			runOnlyForDeploymentPostprocessing = 0;
		};
/* End PBXFrameworksBuildPhase section */

/* Begin PBXGroup section */
		D69612E51B282EF20083022B = {
			isa = PBXGroup;
			children = (
				D69612F01B282EF20083022B /* ubiss-ios */,
				D69613091B282EF20083022B /* ubiss-iosTests */,
				D69612EF1B282EF20083022B /* Products */,
			);
			sourceTree = "<group>";
		};
		D69612EF1B282EF20083022B /* Products */ = {
			isa = PBXGroup;
			children = (
				D69612EE1B282EF20083022B /* ubiss-ios.app */,
				D69613061B282EF20083022B /* ubiss-iosTests.xctest */,
			);
			name = Products;
			sourceTree = "<group>";
		};
		D69612F01B282EF20083022B /* ubiss-ios */ = {
			isa = PBXGroup;
			children = (
				D69612F31B282EF20083022B /* AppDelegate.swift */,
				D69612F81B282EF20083022B /* ViewController.swift */,
				D69612FA1B282EF20083022B /* Main.storyboard */,
				D69612FD1B282EF20083022B /* Images.xcassets */,
				D69612FF1B282EF20083022B /* LaunchScreen.xib */,
				D69612F51B282EF20083022B /* ubiss_ios.xcdatamodeld */,
				D69612F11B282EF20083022B /* Supporting Files */,
			);
			path = "ubiss-ios";
			sourceTree = "<group>";
		};
		D69612F11B282EF20083022B /* Supporting Files */ = {
			isa = PBXGroup;
			children = (
				D69612F21B282EF20083022B /* Info.plist */,
			);
			name = "Supporting Files";
			sourceTree = "<group>";
		};
		D69613091B282EF20083022B /* ubiss-iosTests */ = {
			isa = PBXGroup;
			children = (
				D696130C1B282EF20083022B /* ubiss_iosTests.swift */,
				D696130A1B282EF20083022B /* Supporting Files */,
			);
			path = "ubiss-iosTests";
			sourceTree = "<group>";
		};
		D696130A1B282EF20083022B /* Supporting Files */ = {
			isa = PBXGroup;
			children = (
				D696130B1B282EF20083022B /* Info.plist */,
			);
			name = "Supporting Files";
			sourceTree = "<group>";
		};
/* End PBXGroup section */

/* Begin PBXNativeTarget section */
		D69612ED1B282EF20083022B /* ubiss-ios */ = {
			isa = PBXNativeTarget;
			buildConfigurationList = D69613101B282EF20083022B /* Build configuration list for PBXNativeTarget "ubiss-ios" */;
			buildPhases = (
				D69612EA1B282EF20083022B /* Sources */,
				D69612EB1B282EF20083022B /* Frameworks */,
				D69612EC1B282EF20083022B /* Resources */,
			);
			buildRules = (
			);
			dependencies = (
			);
			name = "ubiss-ios";
			productName = "ubiss-ios";
			productReference = D69612EE1B282EF20083022B /* ubiss-ios.app */;
			productType = "com.apple.product-type.application";
		};
		D69613051B282EF20083022B /* ubiss-iosTests */ = {
			isa = PBXNativeTarget;
			buildConfigurationList = D69613131B282EF20083022B /* Build configuration list for PBXNativeTarget "ubiss-iosTests" */;
			buildPhases = (
				D69613021B282EF20083022B /* Sources */,
				D69613031B282EF20083022B /* Frameworks */,
				D69613041B282EF20083022B /* Resources */,
			);
			buildRules = (
			);
			dependencies = (
				D69613081B282EF20083022B /* PBXTargetDependency */,
			);
			name = "ubiss-iosTests";
			productName = "ubiss-iosTests";
			productReference = D69613061B282EF20083022B /* ubiss-iosTests.xctest */;
			productType = "com.apple.product-type.bundle.unit-test";
		};
/* End PBXNativeTarget section */

/* Begin PBXProject section */
		D69612E61B282EF20083022B /* Project object */ = {
			isa = PBXProject;
			attributes = {
				LastUpgradeCheck = 0630;
				ORGANIZATIONNAME = ITU;
				TargetAttributes = {
					D69612ED1B282EF20083022B = {
						CreatedOnToolsVersion = 6.3.2;
					};
					D69613051B282EF20083022B = {
						CreatedOnToolsVersion = 6.3.2;
						TestTargetID = D69612ED1B282EF20083022B;
					};
				};
			};
			buildConfigurationList = D69612E91B282EF20083022B /* Build configuration list for PBXProject "ubiss-ios" */;
			compatibilityVersion = "Xcode 3.2";
			developmentRegion = English;
			hasScannedForEncodings = 0;
			knownRegions = (
				en,
				Base,
			);
			mainGroup = D69612E51B282EF20083022B;
			productRefGroup = D69612EF1B282EF20083022B /* Products */;
			projectDirPath = "";
			projectRoot = "";
			targets = (
				D69612ED1B282EF20083022B /* ubiss-ios */,
				D69613051B282EF20083022B /* ubiss-iosTests */,
			);
		};
/* End PBXProject section */

/* Begin PBXResourcesBuildPhase section */
		D69612EC1B282EF20083022B /* Resources */ = {
			isa = PBXResourcesBuildPhase;
			buildActionMask = 2147483647;
			files = (
				D69612FC1B282EF20083022B /* Main.storyboard in Resources */,
				D69613011B282EF20083022B /* LaunchScreen.xib in Resources */,
				D69612FE1B282EF20083022B /* Images.xcassets in Resources */,
			);
			runOnlyForDeploymentPostprocessing = 0;
		};
		D69613041B282EF20083022B /* Resources */ = {
			isa = PBXResourcesBuildPhase;
			buildActionMask = 2147483647;
			files = (
			);
			runOnlyForDeploymentPostprocessing = 0;
		};
/* End PBXResourcesBuildPhase section */

/* Begin PBXSourcesBuildPhase section */
		D69612EA1B282EF20083022B /* Sources */ = {
			isa = PBXSourcesBuildPhase;
			buildActionMask = 2147483647;
			files = (
				D69612F91B282EF20083022B /* ViewController.swift in Sources */,
				D69612F71B282EF20083022B /* ubiss_ios.xcdatamodeld in Sources */,
				D69612F41B282EF20083022B /* AppDelegate.swift in Sources */,
			);
			runOnlyForDeploymentPostprocessing = 0;
		};
		D69613021B282EF20083022B /* Sources */ = {
			isa = PBXSourcesBuildPhase;
			buildActionMask = 2147483647;
			files = (
				D696130D1B282EF20083022B /* ubiss_iosTests.swift in Sources */,
			);
			runOnlyForDeploymentPostprocessing = 0;
		};
/* End PBXSourcesBuildPhase section */

/* Begin PBXTargetDependency section */
		D69613081B282EF20083022B /* PBXTargetDependency */ = {
			isa = PBXTargetDependency;
			target = D69612ED1B282EF20083022B /* ubiss-ios */;
			targetProxy = D69613071B282EF20083022B /* PBXContainerItemProxy */;
		};
/* End PBXTargetDependency section */

/* Begin PBXVariantGroup section */
		D69612FA1B282EF20083022B /* Main.storyboard */ = {
			isa = PBXVariantGroup;
			children = (
				D69612FB1B282EF20083022B /* Base */,
			);
			name = Main.storyboard;
			sourceTree = "<group>";
		};
		D69612FF1B282EF20083022B /* LaunchScreen.xib */ = {
			isa = PBXVariantGroup;
			children = (
				D69613001B282EF20083022B /* Base */,
			);
			name = LaunchScreen.xib;
			sourceTree = "<group>";
		};
/* End PBXVariantGroup section */

/* Begin XCBuildConfiguration section */
		D696130E1B282EF20083022B /* Debug */ = {
			isa = XCBuildConfiguration;
			buildSettings = {
				ALWAYS_SEARCH_USER_PATHS = NO;
				CLANG_CXX_LANGUAGE_STANDARD = "gnu++0x";
				CLANG_CXX_LIBRARY = "libc++";
				CLANG_ENABLE_MODULES = YES;
				CLANG_ENABLE_OBJC_ARC = YES;
				CLANG_WARN_BOOL_CONVERSION = YES;
				CLANG_WARN_CONSTANT_CONVERSION = YES;
				CLANG_WARN_DIRECT_OBJC_ISA_USAGE = YES_ERROR;
				CLANG_WARN_EMPTY_BODY = YES;
				CLANG_WARN_ENUM_CONVERSION = YES;
				CLANG_WARN_INT_CONVERSION = YES;
				CLANG_WARN_OBJC_ROOT_CLASS = YES_ERROR;
				CLANG_WARN_UNREACHABLE_CODE = YES;
				CLANG_WARN__DUPLICATE_METHOD_MATCH = YES;
				"CODE_SIGN_IDENTITY[sdk=iphoneos*]" = "iPhone Developer";
				COPY_PHASE_STRIP = NO;
				DEBUG_INFORMATION_FORMAT = "dwarf-with-dsym";
				ENABLE_STRICT_OBJC_MSGSEND = YES;
				GCC_C_LANGUAGE_STANDARD = gnu99;
				GCC_DYNAMIC_NO_PIC = NO;
				GCC_NO_COMMON_BLOCKS = YES;
				GCC_OPTIMIZATION_LEVEL = 0;
				GCC_PREPROCESSOR_DEFINITIONS = (
					"DEBUG=1",
					"$(inherited)",
				);
				GCC_SYMBOLS_PRIVATE_EXTERN = NO;
				GCC_WARN_64_TO_32_BIT_CONVERSION = YES;
				GCC_WARN_ABOUT_RETURN_TYPE = YES_ERROR;
				GCC_WARN_UNDECLARED_SELECTOR = YES;
				GCC_WARN_UNINITIALIZED_AUTOS = YES_AGGRESSIVE;
				GCC_WARN_UNUSED_FUNCTION = YES;
				GCC_WARN_UNUSED_VARIABLE = YES;
				IPHONEOS_DEPLOYMENT_TARGET = 8.3;
				MTL_ENABLE_DEBUG_INFO = YES;
				ONLY_ACTIVE_ARCH = YES;
				SDKROOT = iphoneos;
				SWIFT_OPTIMIZATION_LEVEL = "-Onone";
				TARGETED_DEVICE_FAMILY = "1,2";
			};
			name = Debug;
		};
		D696130F1B282EF20083022B /* Release */ = {
			isa = XCBuildConfiguration;
			buildSettings = {
				ALWAYS_SEARCH_USER_PATHS = NO;
				CLANG_CXX_LANGUAGE_STANDARD = "gnu++0x";
				CLANG_CXX_LIBRARY = "libc++";
				CLANG_ENABLE_MODULES = YES;
				CLANG_ENABLE_OBJC_ARC = YES;
				CLANG_WARN_BOOL_CONVERSION = YES;
				CLANG_WARN_CONSTANT_CONVERSION = YES;
				CLANG_WARN_DIRECT_OBJC_ISA_USAGE = YES_ERROR;
				CLANG_WARN_EMPTY_BODY = YES;
				CLANG_WARN_ENUM_CONVERSION = YES;
				CLANG_WARN_INT_CONVERSION = YES;
				CLANG_WARN_OBJC_ROOT_CLASS = YES_ERROR;
				CLANG_WARN_UNREACHABLE_CODE = YES;
				CLANG_WARN__DUPLICATE_METHOD_MATCH = YES;
				"CODE_SIGN_IDENTITY[sdk=iphoneos*]" = "iPhone Developer";
				COPY_PHASE_STRIP = NO;
				DEBUG_INFORMATION_FORMAT = "dwarf-with-dsym";
				ENABLE_NS_ASSERTIONS = NO;
				ENABLE_STRICT_OBJC_MSGSEND = YES;
				GCC_C_LANGUAGE_STANDARD = gnu99;
				GCC_NO_COMMON_BLOCKS = YES;
				GCC_WARN_64_TO_32_BIT_CONVERSION = YES;
				GCC_WARN_ABOUT_RETURN_TYPE = YES_ERROR;
				GCC_WARN_UNDECLARED_SELECTOR = YES;
				GCC_WARN_UNINITIALIZED_AUTOS = YES_AGGRESSIVE;
				GCC_WARN_UNUSED_FUNCTION = YES;
				GCC_WARN_UNUSED_VARIABLE = YES;
				IPHONEOS_DEPLOYMENT_TARGET = 8.3;
				MTL_ENABLE_DEBUG_INFO = NO;
				SDKROOT = iphoneos;
				TARGETED_DEVICE_FAMILY = "1,2";
				VALIDATE_PRODUCT = YES;
			};
			name = Release;
		};
		D69613111B282EF20083022B /* Debug */ = {
			isa = XCBuildConfiguration;
			buildSettings = {
				ASSETCATALOG_COMPILER_APPICON_NAME = AppIcon;
				INFOPLIST_FILE = "ubiss-ios/Info.plist";
				LD_RUNPATH_SEARCH_PATHS = "$(inherited) @executable_path/Frameworks";
				PRODUCT_NAME = "$(TARGET_NAME)";
			};
			name = Debug;
		};
		D69613121B282EF20083022B /* Release */ = {
			isa = XCBuildConfiguration;
			buildSettings = {
				ASSETCATALOG_COMPILER_APPICON_NAME = AppIcon;
				INFOPLIST_FILE = "ubiss-ios/Info.plist";
				LD_RUNPATH_SEARCH_PATHS = "$(inherited) @executable_path/Frameworks";
				PRODUCT_NAME = "$(TARGET_NAME)";
			};
			name = Release;
		};
		D69613141B282EF20083022B /* Debug */ = {
			isa = XCBuildConfiguration;
			buildSettings = {
				BUNDLE_LOADER = "$(TEST_HOST)";
				FRAMEWORK_SEARCH_PATHS = (
					"$(SDKROOT)/Developer/Library/Frameworks",
					"$(inherited)",
				);
				GCC_PREPROCESSOR_DEFINITIONS = (
					"DEBUG=1",
					"$(inherited)",
				);
				INFOPLIST_FILE = "ubiss-iosTests/Info.plist";
				LD_RUNPATH_SEARCH_PATHS = "$(inherited) @executable_path/Frameworks @loader_path/Frameworks";
				PRODUCT_NAME = "$(TARGET_NAME)";
				TEST_HOST = "$(BUILT_PRODUCTS_DIR)/ubiss-ios.app/ubiss-ios";
			};
			name = Debug;
		};
		D69613151B282EF20083022B /* Release */ = {
			isa = XCBuildConfiguration;
			buildSettings = {
				BUNDLE_LOADER = "$(TEST_HOST)";
				FRAMEWORK_SEARCH_PATHS = (
					"$(SDKROOT)/Developer/Library/Frameworks",
					"$(inherited)",
				);
				INFOPLIST_FILE = "ubiss-iosTests/Info.plist";
				LD_RUNPATH_SEARCH_PATHS = "$(inherited) @executable_path/Frameworks @loader_path/Frameworks";
				PRODUCT_NAME = "$(TARGET_NAME)";
				TEST_HOST = "$(BUILT_PRODUCTS_DIR)/ubiss-ios.app/ubiss-ios";
			};
			name = Release;
		};
/* End XCBuildConfiguration section */

/* Begin XCConfigurationList section */
		D69612E91B282EF20083022B /* Build configuration list for PBXProject "ubiss-ios" */ = {
			isa = XCConfigurationList;
			buildConfigurations = (
				D696130E1B282EF20083022B /* Debug */,
				D696130F1B282EF20083022B /* Release */,
			);
			defaultConfigurationIsVisible = 0;
			defaultConfigurationName = Release;
		};
		D69613101B282EF20083022B /* Build configuration list for PBXNativeTarget "ubiss-ios" */ = {
			isa = XCConfigurationList;
			buildConfigurations = (
				D69613111B282EF20083022B /* Debug */,
				D69613121B282EF20083022B /* Release */,
			);
			defaultConfigurationIsVisible = 0;
		};
		D69613131B282EF20083022B /* Build configuration list for PBXNativeTarget "ubiss-iosTests" */ = {
			isa = XCConfigurationList;
			buildConfigurations = (
				D69613141B282EF20083022B /* Debug */,
				D69613151B282EF20083022B /* Release */,
			);
			defaultConfigurationIsVisible = 0;
		};
/* End XCConfigurationList section */

/* Begin XCVersionGroup section */
		D69612F51B282EF20083022B /* ubiss_ios.xcdatamodeld */ = {
			isa = XCVersionGroup;
			children = (
				D69612F61B282EF20083022B /* ubiss_ios.xcdatamodel */,
			);
			currentVersion = D69612F61B282EF20083022B /* ubiss_ios.xcdatamodel */;
			path = ubiss_ios.xcdatamodeld;
			sourceTree = "<group>";
			versionGroupType = wrapper.xcdatamodel;
		};
/* End XCVersionGroup section */
	};
	rootObject = D69612E61B282EF20083022B /* Project object */;
}
